// !$*UTF8*$!
{
	archiveVersion = 1;
	classes = {
	};
	objectVersion = 48;
	objects = {

/* Begin PBXBuildFile section */
		9038E15120BA2BA000E1B862 /* AppDelegate.swift in Sources */ = {isa = PBXBuildFile; fileRef = 9038E15020BA2BA000E1B862 /* AppDelegate.swift */; };
		9038E15320BA2BA000E1B862 /* ViewController.swift in Sources */ = {isa = PBXBuildFile; fileRef = 9038E15220BA2BA000E1B862 /* ViewController.swift */; };
		9038E15520BA2BA000E1B862 /* Document.swift in Sources */ = {isa = PBXBuildFile; fileRef = 9038E15420BA2BA000E1B862 /* Document.swift */; };
		9038E15720BA2BA000E1B862 /* Assets.xcassets in Resources */ = {isa = PBXBuildFile; fileRef = 9038E15620BA2BA000E1B862 /* Assets.xcassets */; };
		9038E15A20BA2BA000E1B862 /* Main.storyboard in Resources */ = {isa = PBXBuildFile; fileRef = 9038E15820BA2BA000E1B862 /* Main.storyboard */; };
		9038E16620BA2BA000E1B862 /* TestTests.swift in Sources */ = {isa = PBXBuildFile; fileRef = 9038E16520BA2BA000E1B862 /* TestTests.swift */; };
		9038E17120BA2BA000E1B862 /* TestUITests.swift in Sources */ = {isa = PBXBuildFile; fileRef = 9038E17020BA2BA000E1B862 /* TestUITests.swift */; };
		9038E17F20BA33EE00E1B862 /* CodeString.swift in Sources */ = {isa = PBXBuildFile; fileRef = 9038E17E20BA33EE00E1B862 /* CodeString.swift */; };
		9038E18220BA33FB00E1B862 /* NSTextView+lineNumbers.swift in Sources */ = {isa = PBXBuildFile; fileRef = 9038E18020BA33FB00E1B862 /* NSTextView+lineNumbers.swift */; };
		9038E18320BA33FB00E1B862 /* LineNumberRulerView.swift in Sources */ = {isa = PBXBuildFile; fileRef = 9038E18120BA33FB00E1B862 /* LineNumberRulerView.swift */; };
/* End PBXBuildFile section */

/* Begin PBXContainerItemProxy section */
		9038E16220BA2BA000E1B862 /* PBXContainerItemProxy */ = {
			isa = PBXContainerItemProxy;
			containerPortal = 9038E14520BA2BA000E1B862 /* Project object */;
			proxyType = 1;
			remoteGlobalIDString = 9038E14C20BA2BA000E1B862;
			remoteInfo = Test;
		};
		9038E16D20BA2BA000E1B862 /* PBXContainerItemProxy */ = {
			isa = PBXContainerItemProxy;
			containerPortal = 9038E14520BA2BA000E1B862 /* Project object */;
			proxyType = 1;
			remoteGlobalIDString = 9038E14C20BA2BA000E1B862;
			remoteInfo = Test;
		};
/* End PBXContainerItemProxy section */

/* Begin PBXFileReference section */
		9038E14D20BA2BA000E1B862 /* FlexibleCodeTextEditorView.app */ = {isa = PBXFileReference; explicitFileType = wrapper.application; includeInIndex = 0; path = FlexibleCodeTextEditorView.app; sourceTree = BUILT_PRODUCTS_DIR; };
		9038E15020BA2BA000E1B862 /* AppDelegate.swift */ = {isa = PBXFileReference; lastKnownFileType = sourcecode.swift; path = AppDelegate.swift; sourceTree = "<group>"; };
		9038E15220BA2BA000E1B862 /* ViewController.swift */ = {isa = PBXFileReference; lastKnownFileType = sourcecode.swift; path = ViewController.swift; sourceTree = "<group>"; };
		9038E15420BA2BA000E1B862 /* Document.swift */ = {isa = PBXFileReference; lastKnownFileType = sourcecode.swift; path = Document.swift; sourceTree = "<group>"; };
		9038E15620BA2BA000E1B862 /* Assets.xcassets */ = {isa = PBXFileReference; lastKnownFileType = folder.assetcatalog; path = Assets.xcassets; sourceTree = "<group>"; };
		9038E15920BA2BA000E1B862 /* Base */ = {isa = PBXFileReference; lastKnownFileType = file.storyboard; name = Base; path = Base.lproj/Main.storyboard; sourceTree = "<group>"; };
		9038E15B20BA2BA000E1B862 /* Info.plist */ = {isa = PBXFileReference; lastKnownFileType = text.plist.xml; path = Info.plist; sourceTree = "<group>"; };
		9038E15C20BA2BA000E1B862 /* FlexibleCodeTextEditorView.entitlements */ = {isa = PBXFileReference; lastKnownFileType = text.plist.entitlements; path = FlexibleCodeTextEditorView.entitlements; sourceTree = "<group>"; };
		9038E16120BA2BA000E1B862 /* FlexibleCodeTextEditorViewFlexibleCodeTextEditorViews.xctest */ = {isa = PBXFileReference; explicitFileType = wrapper.cfbundle; includeInIndex = 0; path = FlexibleCodeTextEditorViewFlexibleCodeTextEditorViews.xctest; sourceTree = BUILT_PRODUCTS_DIR; };
		9038E16520BA2BA000E1B862 /* TestTests.swift */ = {isa = PBXFileReference; lastKnownFileType = sourcecode.swift; path = TestTests.swift; sourceTree = "<group>"; };
		9038E16720BA2BA000E1B862 /* Info.plist */ = {isa = PBXFileReference; lastKnownFileType = text.plist.xml; path = Info.plist; sourceTree = "<group>"; };
		9038E16C20BA2BA000E1B862 /* FlexibleCodeTextEditorViewUIFlexibleCodeTextEditorViews.xctest */ = {isa = PBXFileReference; explicitFileType = wrapper.cfbundle; includeInIndex = 0; path = FlexibleCodeTextEditorViewUIFlexibleCodeTextEditorViews.xctest; sourceTree = BUILT_PRODUCTS_DIR; };
		9038E17020BA2BA000E1B862 /* TestUITests.swift */ = {isa = PBXFileReference; lastKnownFileType = sourcecode.swift; path = TestUITests.swift; sourceTree = "<group>"; };
		9038E17220BA2BA000E1B862 /* Info.plist */ = {isa = PBXFileReference; lastKnownFileType = text.plist.xml; path = Info.plist; sourceTree = "<group>"; };
		9038E17E20BA33EE00E1B862 /* CodeString.swift */ = {isa = PBXFileReference; fileEncoding = 4; lastKnownFileType = sourcecode.swift; path = CodeString.swift; sourceTree = "<group>"; };
		9038E18020BA33FB00E1B862 /* NSTextView+lineNumbers.swift */ = {isa = PBXFileReference; fileEncoding = 4; lastKnownFileType = sourcecode.swift; path = "NSTextView+lineNumbers.swift"; sourceTree = "<group>"; };
		9038E18120BA33FB00E1B862 /* LineNumberRulerView.swift */ = {isa = PBXFileReference; fileEncoding = 4; lastKnownFileType = sourcecode.swift; path = LineNumberRulerView.swift; sourceTree = "<group>"; };
/* End PBXFileReference section */

/* Begin PBXFrameworksBuildPhase section */
		9038E14A20BA2BA000E1B862 /* Frameworks */ = {
			isa = PBXFrameworksBuildPhase;
			buildActionMask = 2147483647;
			files = (
			);
			runOnlyForDeploymentPostprocessing = 0;
		};
		9038E15E20BA2BA000E1B862 /* Frameworks */ = {
			isa = PBXFrameworksBuildPhase;
			buildActionMask = 2147483647;
			files = (
			);
			runOnlyForDeploymentPostprocessing = 0;
		};
		9038E16920BA2BA000E1B862 /* Frameworks */ = {
			isa = PBXFrameworksBuildPhase;
			buildActionMask = 2147483647;
			files = (
			);
			runOnlyForDeploymentPostprocessing = 0;
		};
/* End PBXFrameworksBuildPhase section */

/* Begin PBXGroup section */
		9038E14420BA2BA000E1B862 = {
			isa = PBXGroup;
			children = (
				9038E14F20BA2BA000E1B862 /* FlexibleCodeTextEditorView */,
				9038E16420BA2BA000E1B862 /* TestTests */,
				9038E16F20BA2BA000E1B862 /* TestUITests */,
				9038E14E20BA2BA000E1B862 /* Products */,
			);
			sourceTree = "<group>";
		};
		9038E14E20BA2BA000E1B862 /* Products */ = {
			isa = PBXGroup;
			children = (
				9038E14D20BA2BA000E1B862 /* FlexibleCodeTextEditorView.app */,
				9038E16120BA2BA000E1B862 /* FlexibleCodeTextEditorViewFlexibleCodeTextEditorViews.xctest */,
				9038E16C20BA2BA000E1B862 /* FlexibleCodeTextEditorViewUIFlexibleCodeTextEditorViews.xctest */,
			);
			name = Products;
			sourceTree = "<group>";
		};
		9038E14F20BA2BA000E1B862 /* FlexibleCodeTextEditorView */ = {
			isa = PBXGroup;
			children = (
				9038E17E20BA33EE00E1B862 /* CodeString.swift */,
				9038E15020BA2BA000E1B862 /* AppDelegate.swift */,
				9038E15220BA2BA000E1B862 /* ViewController.swift */,
				9038E15420BA2BA000E1B862 /* Document.swift */,
				9038E18520BA38BB00E1B862 /* TextView Implementation */,
				9038E15620BA2BA000E1B862 /* Assets.xcassets */,
				9038E15820BA2BA000E1B862 /* Main.storyboard */,
				9038E15B20BA2BA000E1B862 /* Info.plist */,
				9038E15C20BA2BA000E1B862 /* FlexibleCodeTextEditorView.entitlements */,
			);
			path = FlexibleCodeTextEditorView;
			sourceTree = "<group>";
		};
		9038E16420BA2BA000E1B862 /* TestTests */ = {
			isa = PBXGroup;
			children = (
				9038E16520BA2BA000E1B862 /* TestTests.swift */,
				9038E16720BA2BA000E1B862 /* Info.plist */,
			);
			path = TestTests;
			sourceTree = "<group>";
		};
		9038E16F20BA2BA000E1B862 /* TestUITests */ = {
			isa = PBXGroup;
			children = (
				9038E17020BA2BA000E1B862 /* TestUITests.swift */,
				9038E17220BA2BA000E1B862 /* Info.plist */,
			);
			path = TestUITests;
			sourceTree = "<group>";
		};
		9038E18520BA38BB00E1B862 /* TextView Implementation */ = {
			isa = PBXGroup;
			children = (
				9038E18120BA33FB00E1B862 /* LineNumberRulerView.swift */,
				9038E18020BA33FB00E1B862 /* NSTextView+lineNumbers.swift */,
			);
			path = "TextView Implementation";
			sourceTree = "<group>";
		};
/* End PBXGroup section */

/* Begin PBXNativeTarget section */
		9038E14C20BA2BA000E1B862 /* FlexibleCodeTextEditorView */ = {
			isa = PBXNativeTarget;
			buildConfigurationList = 9038E17520BA2BA000E1B862 /* Build configuration list for PBXNativeTarget "FlexibleCodeTextEditorView" */;
			buildPhases = (
				9038E14920BA2BA000E1B862 /* Sources */,
				9038E14A20BA2BA000E1B862 /* Frameworks */,
				9038E14B20BA2BA000E1B862 /* Resources */,
			);
			buildRules = (
			);
			dependencies = (
			);
			name = FlexibleCodeTextEditorView;
			productName = Test;
			productReference = 9038E14D20BA2BA000E1B862 /* FlexibleCodeTextEditorView.app */;
			productType = "com.apple.product-type.application";
		};
		9038E16020BA2BA000E1B862 /* FlexibleCodeTextEditorViewFlexibleCodeTextEditorViews */ = {
			isa = PBXNativeTarget;
			buildConfigurationList = 9038E17820BA2BA000E1B862 /* Build configuration list for PBXNativeTarget "FlexibleCodeTextEditorViewFlexibleCodeTextEditorViews" */;
			buildPhases = (
				9038E15D20BA2BA000E1B862 /* Sources */,
				9038E15E20BA2BA000E1B862 /* Frameworks */,
				9038E15F20BA2BA000E1B862 /* Resources */,
			);
			buildRules = (
			);
			dependencies = (
				9038E16320BA2BA000E1B862 /* PBXTargetDependency */,
			);
			name = FlexibleCodeTextEditorViewFlexibleCodeTextEditorViews;
			productName = TestTests;
			productReference = 9038E16120BA2BA000E1B862 /* FlexibleCodeTextEditorViewFlexibleCodeTextEditorViews.xctest */;
			productType = "com.apple.product-type.bundle.unit-test";
		};
		9038E16B20BA2BA000E1B862 /* FlexibleCodeTextEditorViewUIFlexibleCodeTextEditorViews */ = {
			isa = PBXNativeTarget;
			buildConfigurationList = 9038E17B20BA2BA000E1B862 /* Build configuration list for PBXNativeTarget "FlexibleCodeTextEditorViewUIFlexibleCodeTextEditorViews" */;
			buildPhases = (
				9038E16820BA2BA000E1B862 /* Sources */,
				9038E16920BA2BA000E1B862 /* Frameworks */,
				9038E16A20BA2BA000E1B862 /* Resources */,
			);
			buildRules = (
			);
			dependencies = (
				9038E16E20BA2BA000E1B862 /* PBXTargetDependency */,
			);
			name = FlexibleCodeTextEditorViewUIFlexibleCodeTextEditorViews;
			productName = TestUITests;
			productReference = 9038E16C20BA2BA000E1B862 /* FlexibleCodeTextEditorViewUIFlexibleCodeTextEditorViews.xctest */;
			productType = "com.apple.product-type.bundle.ui-testing";
		};
/* End PBXNativeTarget section */

/* Begin PBXProject section */
		9038E14520BA2BA000E1B862 /* Project object */ = {
			isa = PBXProject;
			attributes = {
				LastSwiftUpdateCheck = 0920;
				LastUpgradeCheck = 0920;
				ORGANIZATIONNAME = CodingAssignment;
				TargetAttributes = {
					9038E14C20BA2BA000E1B862 = {
						CreatedOnToolsVersion = 9.2;
						ProvisioningStyle = Automatic;
					};
					9038E16020BA2BA000E1B862 = {
						CreatedOnToolsVersion = 9.2;
						ProvisioningStyle = Automatic;
						TestTargetID = 9038E14C20BA2BA000E1B862;
					};
					9038E16B20BA2BA000E1B862 = {
						CreatedOnToolsVersion = 9.2;
						ProvisioningStyle = Automatic;
						TestTargetID = 9038E14C20BA2BA000E1B862;
					};
				};
			};
			buildConfigurationList = 9038E14820BA2BA000E1B862 /* Build configuration list for PBXProject "FlexibleCodeTextEditorView" */;
			compatibilityVersion = "Xcode 8.0";
			developmentRegion = en;
			hasScannedForEncodings = 0;
			knownRegions = (
				en,
				Base,
			);
			mainGroup = 9038E14420BA2BA000E1B862;
			productRefGroup = 9038E14E20BA2BA000E1B862 /* Products */;
			projectDirPath = "";
			projectRoot = "";
			targets = (
				9038E14C20BA2BA000E1B862 /* FlexibleCodeTextEditorView */,
				9038E16020BA2BA000E1B862 /* FlexibleCodeTextEditorViewFlexibleCodeTextEditorViews */,
				9038E16B20BA2BA000E1B862 /* FlexibleCodeTextEditorViewUIFlexibleCodeTextEditorViews */,
			);
		};
/* End PBXProject section */

/* Begin PBXResourcesBuildPhase section */
		9038E14B20BA2BA000E1B862 /* Resources */ = {
			isa = PBXResourcesBuildPhase;
			buildActionMask = 2147483647;
			files = (
				9038E15720BA2BA000E1B862 /* Assets.xcassets in Resources */,
				9038E15A20BA2BA000E1B862 /* Main.storyboard in Resources */,
			);
			runOnlyForDeploymentPostprocessing = 0;
		};
		9038E15F20BA2BA000E1B862 /* Resources */ = {
			isa = PBXResourcesBuildPhase;
			buildActionMask = 2147483647;
			files = (
			);
			runOnlyForDeploymentPostprocessing = 0;
		};
		9038E16A20BA2BA000E1B862 /* Resources */ = {
			isa = PBXResourcesBuildPhase;
			buildActionMask = 2147483647;
			files = (
			);
			runOnlyForDeploymentPostprocessing = 0;
		};
/* End PBXResourcesBuildPhase section */

/* Begin PBXSourcesBuildPhase section */
		9038E14920BA2BA000E1B862 /* Sources */ = {
			isa = PBXSourcesBuildPhase;
			buildActionMask = 2147483647;
			files = (
				9038E18320BA33FB00E1B862 /* LineNumberRulerView.swift in Sources */,
				9038E17F20BA33EE00E1B862 /* CodeString.swift in Sources */,
				9038E15320BA2BA000E1B862 /* ViewController.swift in Sources */,
				9038E18220BA33FB00E1B862 /* NSTextView+lineNumbers.swift in Sources */,
				9038E15120BA2BA000E1B862 /* AppDelegate.swift in Sources */,
				9038E15520BA2BA000E1B862 /* Document.swift in Sources */,
			);
			runOnlyForDeploymentPostprocessing = 0;
		};
		9038E15D20BA2BA000E1B862 /* Sources */ = {
			isa = PBXSourcesBuildPhase;
			buildActionMask = 2147483647;
			files = (
				9038E16620BA2BA000E1B862 /* TestTests.swift in Sources */,
			);
			runOnlyForDeploymentPostprocessing = 0;
		};
		9038E16820BA2BA000E1B862 /* Sources */ = {
			isa = PBXSourcesBuildPhase;
			buildActionMask = 2147483647;
			files = (
				9038E17120BA2BA000E1B862 /* TestUITests.swift in Sources */,
			);
			runOnlyForDeploymentPostprocessing = 0;
		};
/* End PBXSourcesBuildPhase section */

/* Begin PBXTargetDependency section */
		9038E16320BA2BA000E1B862 /* PBXTargetDependency */ = {
			isa = PBXTargetDependency;
			target = 9038E14C20BA2BA000E1B862 /* FlexibleCodeTextEditorView */;
			targetProxy = 9038E16220BA2BA000E1B862 /* PBXContainerItemProxy */;
		};
		9038E16E20BA2BA000E1B862 /* PBXTargetDependency */ = {
			isa = PBXTargetDependency;
			target = 9038E14C20BA2BA000E1B862 /* FlexibleCodeTextEditorView */;
			targetProxy = 9038E16D20BA2BA000E1B862 /* PBXContainerItemProxy */;
		};
/* End PBXTargetDependency section */

/* Begin PBXVariantGroup section */
		9038E15820BA2BA000E1B862 /* Main.storyboard */ = {
			isa = PBXVariantGroup;
			children = (
				9038E15920BA2BA000E1B862 /* Base */,
			);
			name = Main.storyboard;
			sourceTree = "<group>";
		};
/* End PBXVariantGroup section */

/* Begin XCBuildConfiguration section */
		9038E17320BA2BA000E1B862 /* Debug */ = {
			isa = XCBuildConfiguration;
			buildSettings = {
				ALWAYS_SEARCH_USER_PATHS = NO;
				CLANG_ANALYZER_NONNULL = YES;
				CLANG_ANALYZER_NUMBER_OBJECT_CONVERSION = YES_AGGRESSIVE;
				CLANG_CXX_LANGUAGE_STANDARD = "gnu++14";
				CLANG_CXX_LIBRARY = "libc++";
				CLANG_ENABLE_MODULES = YES;
				CLANG_ENABLE_OBJC_ARC = YES;
				CLANG_WARN_BLOCK_CAPTURE_AUTORELEASING = YES;
				CLANG_WARN_BOOL_CONVERSION = YES;
				CLANG_WARN_COMMA = YES;
				CLANG_WARN_CONSTANT_CONVERSION = YES;
				CLANG_WARN_DIRECT_OBJC_ISA_USAGE = YES_ERROR;
				CLANG_WARN_DOCUMENTATION_COMMENTS = YES;
				CLANG_WARN_EMPTY_BODY = YES;
				CLANG_WARN_ENUM_CONVERSION = YES;
				CLANG_WARN_INFINITE_RECURSION = YES;
				CLANG_WARN_INT_CONVERSION = YES;
				CLANG_WARN_NON_LITERAL_NULL_CONVERSION = YES;
				CLANG_WARN_OBJC_LITERAL_CONVERSION = YES;
				CLANG_WARN_OBJC_ROOT_CLASS = YES_ERROR;
				CLANG_WARN_RANGE_LOOP_ANALYSIS = YES;
				CLANG_WARN_STRICT_PROTOTYPES = YES;
				CLANG_WARN_SUSPICIOUS_MOVE = YES;
				CLANG_WARN_UNGUARDED_AVAILABILITY = YES_AGGRESSIVE;
				CLANG_WARN_UNREACHABLE_CODE = YES;
				CLANG_WARN__DUPLICATE_METHOD_MATCH = YES;
				CODE_SIGN_IDENTITY = "-";
				COPY_PHASE_STRIP = NO;
				DEBUG_INFORMATION_FORMAT = dwarf;
				ENABLE_STRICT_OBJC_MSGSEND = YES;
				ENABLE_TESTABILITY = YES;
				GCC_C_LANGUAGE_STANDARD = gnu11;
				GCC_DYNAMIC_NO_PIC = NO;
				GCC_NO_COMMON_BLOCKS = YES;
				GCC_OPTIMIZATION_LEVEL = 0;
				GCC_PREPROCESSOR_DEFINITIONS = (
					"DEBUG=1",
					"$(inherited)",
				);
				GCC_WARN_64_TO_32_BIT_CONVERSION = YES;
				GCC_WARN_ABOUT_RETURN_TYPE = YES_ERROR;
				GCC_WARN_UNDECLARED_SELECTOR = YES;
				GCC_WARN_UNINITIALIZED_AUTOS = YES_AGGRESSIVE;
				GCC_WARN_UNUSED_FUNCTION = YES;
				GCC_WARN_UNUSED_VARIABLE = YES;
				MACOSX_DEPLOYMENT_TARGET = 10.13;
				MTL_ENABLE_DEBUG_INFO = YES;
				ONLY_ACTIVE_ARCH = YES;
				SDKROOT = macosx;
				SWIFT_ACTIVE_COMPILATION_CONDITIONS = DEBUG;
				SWIFT_OPTIMIZATION_LEVEL = "-Onone";
			};
			name = Debug;
		};
		9038E17420BA2BA000E1B862 /* Release */ = {
			isa = XCBuildConfiguration;
			buildSettings = {
				ALWAYS_SEARCH_USER_PATHS = NO;
				CLANG_ANALYZER_NONNULL = YES;
				CLANG_ANALYZER_NUMBER_OBJECT_CONVERSION = YES_AGGRESSIVE;
				CLANG_CXX_LANGUAGE_STANDARD = "gnu++14";
				CLANG_CXX_LIBRARY = "libc++";
				CLANG_ENABLE_MODULES = YES;
				CLANG_ENABLE_OBJC_ARC = YES;
				CLANG_WARN_BLOCK_CAPTURE_AUTORELEASING = YES;
				CLANG_WARN_BOOL_CONVERSION = YES;
				CLANG_WARN_COMMA = YES;
				CLANG_WARN_CONSTANT_CONVERSION = YES;
				CLANG_WARN_DIRECT_OBJC_ISA_USAGE = YES_ERROR;
				CLANG_WARN_DOCUMENTATION_COMMENTS = YES;
				CLANG_WARN_EMPTY_BODY = YES;
				CLANG_WARN_ENUM_CONVERSION = YES;
				CLANG_WARN_INFINITE_RECURSION = YES;
				CLANG_WARN_INT_CONVERSION = YES;
				CLANG_WARN_NON_LITERAL_NULL_CONVERSION = YES;
				CLANG_WARN_OBJC_LITERAL_CONVERSION = YES;
				CLANG_WARN_OBJC_ROOT_CLASS = YES_ERROR;
				CLANG_WARN_RANGE_LOOP_ANALYSIS = YES;
				CLANG_WARN_STRICT_PROTOTYPES = YES;
				CLANG_WARN_SUSPICIOUS_MOVE = YES;
				CLANG_WARN_UNGUARDED_AVAILABILITY = YES_AGGRESSIVE;
				CLANG_WARN_UNREACHABLE_CODE = YES;
				CLANG_WARN__DUPLICATE_METHOD_MATCH = YES;
				CODE_SIGN_IDENTITY = "-";
				COPY_PHASE_STRIP = NO;
				DEBUG_INFORMATION_FORMAT = "dwarf-with-dsym";
				ENABLE_NS_ASSERTIONS = NO;
				ENABLE_STRICT_OBJC_MSGSEND = YES;
				GCC_C_LANGUAGE_STANDARD = gnu11;
				GCC_NO_COMMON_BLOCKS = YES;
				GCC_WARN_64_TO_32_BIT_CONVERSION = YES;
				GCC_WARN_ABOUT_RETURN_TYPE = YES_ERROR;
				GCC_WARN_UNDECLARED_SELECTOR = YES;
				GCC_WARN_UNINITIALIZED_AUTOS = YES_AGGRESSIVE;
				GCC_WARN_UNUSED_FUNCTION = YES;
				GCC_WARN_UNUSED_VARIABLE = YES;
				MACOSX_DEPLOYMENT_TARGET = 10.13;
				MTL_ENABLE_DEBUG_INFO = NO;
				SDKROOT = macosx;
				SWIFT_OPTIMIZATION_LEVEL = "-Owholemodule";
			};
			name = Release;
		};
		9038E17620BA2BA000E1B862 /* Debug */ = {
			isa = XCBuildConfiguration;
			buildSettings = {
				ASSETCATALOG_COMPILER_APPICON_NAME = AppIcon;
				CODE_SIGN_ENTITLEMENTS = FlexibleCodeTextEditorView/FlexibleCodeTextEditorView.entitlements;
				CODE_SIGN_IDENTITY = "Mac Developer";
				CODE_SIGN_STYLE = Automatic;
				COMBINE_HIDPI_IMAGES = YES;
				DEVELOPMENT_TEAM = A8DGL4UP7K;
				INFOPLIST_FILE = FlexibleCodeTextEditorView/Info.plist;
				LD_RUNPATH_SEARCH_PATHS = "$(inherited) @executable_path/../Frameworks";
				PRODUCT_BUNDLE_IDENTIFIER = ws.submission.codeEditor;
				PRODUCT_NAME = "$(TARGET_NAME)";
				PROVISIONING_PROFILE_SPECIFIER = "";
				SWIFT_VERSION = 4.0;
			};
			name = Debug;
		};
		9038E17720BA2BA000E1B862 /* Release */ = {
			isa = XCBuildConfiguration;
			buildSettings = {
				ASSETCATALOG_COMPILER_APPICON_NAME = AppIcon;
				CODE_SIGN_ENTITLEMENTS = FlexibleCodeTextEditorView/FlexibleCodeTextEditorView.entitlements;
				CODE_SIGN_IDENTITY = "Mac Developer";
				CODE_SIGN_STYLE = Automatic;
				COMBINE_HIDPI_IMAGES = YES;
				DEVELOPMENT_TEAM = A8DGL4UP7K;
				INFOPLIST_FILE = FlexibleCodeTextEditorView/Info.plist;
				LD_RUNPATH_SEARCH_PATHS = "$(inherited) @executable_path/../Frameworks";
				PRODUCT_BUNDLE_IDENTIFIER = ws.submission.codeEditor;
				PRODUCT_NAME = "$(TARGET_NAME)";
				PROVISIONING_PROFILE_SPECIFIER = "";
				SWIFT_VERSION = 4.0;
			};
			name = Release;
		};
		9038E17920BA2BA000E1B862 /* Debug */ = {
			isa = XCBuildConfiguration;
			buildSettings = {
				ALWAYS_EMBED_SWIFT_STANDARD_LIBRARIES = YES;
				BUNDLE_LOADER = "$(TEST_HOST)";
				CODE_SIGN_STYLE = Automatic;
				COMBINE_HIDPI_IMAGES = YES;
				INFOPLIST_FILE = TestTests/Info.plist;
				LD_RUNPATH_SEARCH_PATHS = "$(inherited) @executable_path/../Frameworks @loader_path/../Frameworks";
				PRODUCT_BUNDLE_IDENTIFIER = com.CodingAssignment.TestTests;
				PRODUCT_NAME = "$(TARGET_NAME)";
				SWIFT_VERSION = 4.0;
				TEST_HOST = "$(BUILT_PRODUCTS_DIR)/FlexibleCodeTextEditorView.app/Contents/MacOS/FlexibleCodeTextEditorView";
			};
			name = Debug;
		};
		9038E17A20BA2BA000E1B862 /* Release */ = {
			isa = XCBuildConfiguration;
			buildSettings = {
				ALWAYS_EMBED_SWIFT_STANDARD_LIBRARIES = YES;
				BUNDLE_LOADER = "$(TEST_HOST)";
				CODE_SIGN_STYLE = Automatic;
				COMBINE_HIDPI_IMAGES = YES;
				INFOPLIST_FILE = TestTests/Info.plist;
				LD_RUNPATH_SEARCH_PATHS = "$(inherited) @executable_path/../Frameworks @loader_path/../Frameworks";
				PRODUCT_BUNDLE_IDENTIFIER = com.CodingAssignment.TestTests;
				PRODUCT_NAME = "$(TARGET_NAME)";
				SWIFT_VERSION = 4.0;
				TEST_HOST = "$(BUILT_PRODUCTS_DIR)/FlexibleCodeTextEditorView.app/Contents/MacOS/FlexibleCodeTextEditorView";
			};
			name = Release;
		};
		9038E17C20BA2BA000E1B862 /* Debug */ = {
			isa = XCBuildConfiguration;
			buildSettings = {
				ALWAYS_EMBED_SWIFT_STANDARD_LIBRARIES = YES;
				CODE_SIGN_STYLE = Automatic;
				COMBINE_HIDPI_IMAGES = YES;
				INFOPLIST_FILE = TestUITests/Info.plist;
				LD_RUNPATH_SEARCH_PATHS = "$(inherited) @executable_path/../Frameworks @loader_path/../Frameworks";
				PRODUCT_BUNDLE_IDENTIFIER = com.CodingAssignment.TestUITests;
				PRODUCT_NAME = "$(TARGET_NAME)";
				SWIFT_VERSION = 4.0;
				TEST_TARGET_NAME = Test;
			};
			name = Debug;
		};
		9038E17D20BA2BA000E1B862 /* Release */ = {
			isa = XCBuildConfiguration;
			buildSettings = {
				ALWAYS_EMBED_SWIFT_STANDARD_LIBRARIES = YES;
				CODE_SIGN_STYLE = Automatic;
				COMBINE_HIDPI_IMAGES = YES;
				INFOPLIST_FILE = TestUITests/Info.plist;
				LD_RUNPATH_SEARCH_PATHS = "$(inherited) @executable_path/../Frameworks @loader_path/../Frameworks";
				PRODUCT_BUNDLE_IDENTIFIER = com.CodingAssignment.TestUITests;
				PRODUCT_NAME = "$(TARGET_NAME)";
				SWIFT_VERSION = 4.0;
				TEST_TARGET_NAME = Test;
			};
			name = Release;
		};
/* End XCBuildConfiguration section */

/* Begin XCConfigurationList section */
		9038E14820BA2BA000E1B862 /* Build configuration list for PBXProject "FlexibleCodeTextEditorView" */ = {
			isa = XCConfigurationList;
			buildConfigurations = (
				9038E17320BA2BA000E1B862 /* Debug */,
				9038E17420BA2BA000E1B862 /* Release */,
			);
			defaultConfigurationIsVisible = 0;
			defaultConfigurationName = Release;
		};
		9038E17520BA2BA000E1B862 /* Build configuration list for PBXNativeTarget "FlexibleCodeTextEditorView" */ = {
			isa = XCConfigurationList;
			buildConfigurations = (
				9038E17620BA2BA000E1B862 /* Debug */,
				9038E17720BA2BA000E1B862 /* Release */,
			);
			defaultConfigurationIsVisible = 0;
			defaultConfigurationName = Release;
		};
		9038E17820BA2BA000E1B862 /* Build configuration list for PBXNativeTarget "FlexibleCodeTextEditorViewFlexibleCodeTextEditorViews" */ = {
			isa = XCConfigurationList;
			buildConfigurations = (
				9038E17920BA2BA000E1B862 /* Debug */,
				9038E17A20BA2BA000E1B862 /* Release */,
			);
			defaultConfigurationIsVisible = 0;
			defaultConfigurationName = Release;
		};
		9038E17B20BA2BA000E1B862 /* Build configuration list for PBXNativeTarget "FlexibleCodeTextEditorViewUIFlexibleCodeTextEditorViews" */ = {
			isa = XCConfigurationList;
			buildConfigurations = (
				9038E17C20BA2BA000E1B862 /* Debug */,
				9038E17D20BA2BA000E1B862 /* Release */,
			);
			defaultConfigurationIsVisible = 0;
			defaultConfigurationName = Release;
		};
/* End XCConfigurationList section */
	};
	rootObject = 9038E14520BA2BA000E1B862 /* Project object */;
}
